{
  "lockfileVersion": 1,
  "configVersion": 1,
  "workspaces": {
    "": {
      "name": "@onemessagebus/sdk",
      "dependencies": {
        "zod": "4.6.5",
      },
      "devDependencies": {
        "@biomejs/biome": "2.5.7",
        "@types/bun": "1.3.14",
        "@types/node": "26.5.1",
        "json-schema-to-typescript": "15.0.4",
        "prettier": "3.9.6",
        "typescript": "5.9.3",
      },
      "peerDependencies": {
        "onemessagebus-cli": "0.0.0-dev",
      },
      "optionalPeers": [
        "onemessagebus-cli",
      ],
    },
  },
  "packages": {
    "@apidevtools/json-schema-ref-parser": ["@apidevtools/json-schema-ref-parser@11.9.3", "", { "dependencies": { "@jsdevtools/ono": "^7.1.3", "@types/json-schema": "^7.0.15", "js-yaml": "^4.1.0" } }, "sha512-60vepv88RwcJtSHrD6MjIL6Ta3SOYbgfnkHb+ppAVK+o9mXprRtulx7VlRl3lN3bbvysAfCS7WMVfhUYemB0IQ=="],

    "@biomejs/biome": ["@biomejs/biome@2.5.7", "", { "optionalDependencies": { "@biomejs/cli-darwin-arm64": "2.5.7", "@biomejs/cli-darwin-x64": "2.5.7", "@biomejs/cli-linux-arm64": "2.5.7", "@biomejs/cli-linux-arm64-musl": "2.5.7", "@biomejs/cli-linux-x64": "2.5.7", "@biomejs/cli-linux-x64-musl": "2.5.7", "@biomejs/cli-win32-arm64": "2.5.7", "@biomejs/cli-win32-x64": "2.5.7" }, "bin": { "biome": "bin/biome" } }, "sha512-zr8K/DcY5tYsQOQwqMJ0AWElo6QgmgNI7idXgXLhevVszlt8RGVpesEJPqx3ThazLaOwjJ5Y8fz3BtH5fGZNsw=="],

    "@biomejs/cli-darwin-arm64": ["@biomejs/cli-darwin-arm64@2.5.7", "", { "os": "darwin", "cpu": "arm64" }, "sha512-vxo/Ls3/PYdQWyLhYYcgMOCzQypAjcY+iihS8M0wW03l16TCLW4zqZzGo75gm1VdCMj38hTVZ31KBWrZ4G9dJw=="],

    "@biomejs/cli-darwin-x64": ["@biomejs/cli-darwin-x64@2.5.7", "", { "os": "darwin", "cpu": "x64" }, "sha512-Cd3Ga61amT/Yl/0x8elP5hhGYaFy4bw6WuysTgf7oo8TA5tJ5A1k+DkVoJ2BHbTVil51gTX9VPzArnrlLJ3Kyg=="],

    "@biomejs/cli-linux-arm64": ["@biomejs/cli-linux-arm64@2.5.7", "", { "os": "linux", "cpu": "arm64" }, "sha512-rR2QE0yF2GYSuYuKIa7pKvODGJqnOH+2eDREAM8wV+mWKSkMQKdAp4zXEZfTaxY8PMoNONnpgSWcBCyLDPDOKg=="],

    "@biomejs/cli-linux-arm64-musl": ["@biomejs/cli-linux-arm64-musl@2.5.7", "", { "os": "linux", "cpu": "arm64" }, "sha512-xPI5yB6XlpDbNkS+bm1t42olw5c4l3UrlOmLg7KtLJvjvkNF/1V4tnUgfkylGIeb3u/T+BzMGYqgQhzjAoJzuQ=="],

    "@biomejs/cli-linux-x64": ["@biomejs/cli-linux-x64@2.5.7", "", { "os": "linux", "cpu": "x64" }, "sha512-FQgqJhscrqJUFptGaRSUJWlXAExwWcDwLuK49dvKfkQ1bB5SEEyFssnsxQY83Xm6jR0EbbX3+8+D5bfvYqUG2Q=="],

    "@biomejs/cli-linux-x64-musl": ["@biomejs/cli-linux-x64-musl@2.5.7", "", { "os": "linux", "cpu": "x64" }, "sha512-rE5VZi+qtmPgQH+l7jVxYoZ18b/TiHEhulhMpjmCZH1PltSbjRcxNWywC3HZ9tYottG7ORkeTtoscBilKSBm0g=="],

    "@biomejs/cli-win32-arm64": ["@biomejs/cli-win32-arm64@2.5.7", "", { "os": "win32", "cpu": "arm64" }, "sha512-Oq4x0CCwP4jirrcTywXs5kOGZ4v5vuEP+gWrbtjApOA2CL9F3F9GlIdQIci8AKSCa/zURanMRpX/4wQ7Am6hHg=="],

    "@biomejs/cli-win32-x64": ["@biomejs/cli-win32-x64@2.5.7", "", { "os": "win32", "cpu": "x64" }, "sha512-V+0wu/nrj2S+MhP4EQ0uHNolP0IALEsz45pg0WoKkHfDeh0+ItHwP/p7bX5RPoMOl9NkpHYWdYPhIcy2mACHvQ=="],

    "@jsdevtools/ono": ["@jsdevtools/ono@7.1.3", "", {}, "sha512-4JQNk+3mVzK3xh2rqd6RB4J46qUR19azEHBneZyTZM+c456qOrbbM/5xcR8huNCCcbVt7+UmizG6GuUvPvKUYg=="],

    "@types/bun": ["@types/bun@1.3.14", "", { "dependencies": { "bun-types": "1.3.14" } }, "sha512-h1hFqFVcvAvD9j9K7ZW7vd82aSA+rTdznZa+5bwvCwqSB1jmmfLcbIWhOLx1/+boy/xmjgCs/OMUL8hRJSmnPw=="],

    "@types/json-schema": ["@types/json-schema@7.0.15", "", {}, "sha512-5+fP8P8MFNC+AyZCDxrB2pkZFPGzqQWUzpSeuuVLvm8VMcorNYavBqoFcxK8bQz4Qsbn4oUEEem4wDLfcysGHA=="],

    "@types/lodash": ["@types/lodash@4.17.25", "", {}, "sha512-+K1NIO8I+F9/wNulfVvu23QYd0Pe9/OCqRrim4NoYIf1VoEDL90Ve4ClzpyqBLc7NpGGWRvYNCKZ1BE/Jpf8dQ=="],

    "@types/node": ["@types/node@26.5.1", "", { "dependencies": { "undici-types": "~8.9.0" } }, "sha512-CzNm2FezW4VR/LjG6yUdiEgLE/rAQ9Slj5gCu/C2VrdcW7I0ahNZ8DRbHT7zOZ6r3ONgd/bsQIeSaoDGrd1C6g=="],

    "argparse": ["argparse@2.0.1", "", {}, "sha512-8+9WqebbFzpX9OR+Wa6O29asIogeRMzcGtAINdpMHHyAg10f05aSFVBbcEqGf/PXw1EjAZ+q2/bEBg3DvurK3Q=="],

    "bun-types": ["bun-types@1.3.14", "", { "dependencies": { "@types/node": "*" } }, "sha512-4N0ig0fEomHt5R0KCFWjovxow98rIoRwKolrYdCcknNwMekCXRnWEUvgu5soYV8QXtVsrUD8B95MBOZGPvr6KQ=="],

    "fdir": ["fdir@6.5.0", "", { "peerDependencies": { "picomatch": "^3 || ^4" }, "optionalPeers": ["picomatch"] }, "sha512-tIbYtZbucOs0BRGqPJkshJUYdL+SDH7dVM8gjy+ERp3WAUjLEFJE+02kanyHtwjWOnwrKYBiwAmM0p4kLJAnXg=="],

    "is-extglob": ["is-extglob@2.1.1", "", {}, "sha512-SbKbANkN603Vi4jEZv49LeVJMn4yGwsbzZworEoyEiutsN3nJYdbO36zfhGJ6QEDpOZIFkDtnq5JRxmvl3jsoQ=="],

    "is-glob": ["is-glob@4.0.3", "", { "dependencies": { "is-extglob": "^2.1.1" } }, "sha512-xelSayHH36ZgE7ZWhli7pW34hNbNl8Ojv5KVmkJD4hBdD3th8Tfk9vYasLM+mXWOZhFkgZfxhLSnrwRr4elSSg=="],

    "js-yaml": ["js-yaml@4.3.2", "", { "dependencies": { "argparse": "^2.0.1" }, "bin": { "js-yaml": "bin/js-yaml.js" } }, "sha512-SFNOvSJ+Dgf/9An904Yx+CgSlIPCkIpao4qo51lpee25TIRejdH3rhR4EZMGoNx3/TP3O+wzWuiTFl4sqbltzA=="],

    "json-schema-to-typescript": ["json-schema-to-typescript@15.0.4", "", { "dependencies": { "@apidevtools/json-schema-ref-parser": "^11.5.5", "@types/json-schema": "^7.0.15", "@types/lodash": "^4.17.7", "is-glob": "^4.0.3", "js-yaml": "^4.1.0", "lodash": "^4.17.21", "minimist": "^1.2.8", "prettier": "^3.2.5", "tinyglobby": "^0.2.9" }, "bin": { "json2ts": "dist/src/cli.js" } }, "sha512-Su9oK8DR4xCmDsLlyvadkXzX6+GGXJpbhwoLtOGArAG61dvbW4YQmSEno2y66ahpIdmLMg6YUf/QHLgiwvkrHQ=="],

    "lodash": ["lodash@4.18.1", "", {}, "sha512-dMInicTPVE8d1e5otfwmmjlxkZoUpiVLwyeTdUsi/Caj/gfzzblBcCE5sRHV/AsjuCmxWrte2TNGSYuCeCq+0Q=="],

    "minimist": ["minimist@1.2.8", "", {}, "sha512-2yyAR8qBkN3YuheJanUpWC5U3bb5osDywNB8RzDVlDwDHbocAJveqqj1u8+SVD7jkWT4yvsHCpWqqWqAxb0zCA=="],

    "picomatch": ["picomatch@4.0.7", "", {}, "sha512-qcJu88Q2IWqJsDD529JKMdwGm/dvInW4HvQnRwiH9JtihJvzGOscDtHE3x1pBKeUOTysQ8kVmLnJ2kJu7yhcGA=="],

    "prettier": ["prettier@3.9.6", "", { "bin": { "prettier": "bin/prettier.cjs" } }, "sha512-OpN0zzVdiaiAhxpuuj5efpIS4sY9j7bY6uR5mnj5yPzGkdkjNKSJeUThPb60Jw29QuAZgA4o+/iB49kFiaBX6g=="],

    "tinyglobby": ["tinyglobby@0.2.17", "", { "dependencies": { "fdir": "^6.5.0", "picomatch": "^4.0.4" } }, "sha512-wXR/dYpcqKmfWpEdZjiKJOwCNFndD0DMnrW/cYjVGttEkBfVgcLFHoNrlj47mjOVic9yyNu65alsgF4NQyTa2g=="],

    "typescript": ["typescript@5.9.3", "", { "bin": { "tsc": "bin/tsc", "tsserver": "bin/tsserver" } }, "sha512-jl1vZzPDinLr9eUt3J/t7V6FgNEw9QjvBPdysz9KfQDD41fQrC2Y4vKQdiaUpFT4bXlb1RHhLpp8wtm6M5TgSw=="],

    "undici-types": ["undici-types@8.9.0", "", {}, "sha512-KTDyRTYX8sWmKXAikPHHSyc63CRPETMctyjKFupcC6OBLXT3xsN0e9aF7m+mIXutFWpUXuedtowG7iLOzp0kQg=="],

    "zod": ["zod@4.6.5", "", {}, "sha512-v5l/aFXZQeai4awLbOpSoHecE9UiMrnfx75tEXLjNonXVARxQ5mOeipTjROUchszUNCqnE+hqAMujRsRHsut2Q=="],

    "bun-types/@types/node": ["@types/node@24.10.1", "", { "dependencies": { "undici-types": "~7.16.0" } }, "sha512-GNWcUTRBgIRJD5zj+Tq0fKOJ5XZajIiBroOF0yvj2bSU1WvNdYS/dn9UxwsujGW4JX06dnHyjV2y9rRaybH0iQ=="],

    "bun-types/@types/node/undici-types": ["undici-types@7.16.0", "", {}, "sha512-Zz+aZWSj8LE6zoxD+xrjh4VfkIG8Ya6LvYkZqtUQGJPZjYl53ypCaUwWqo7eI0x66KBGeRo+mlBEkMSeSZ38Nw=="],
  }
}
